
Microsoft Visual Studio Solution File, Format Version 12.00
# Visual Studio Version 17
VisualStudioVersion = 17.14.36811.4 d17.14
MinimumVisualStudioVersion = 10.0.40219.1
Project("{FAE04EC0-301F-11D3-BF4B-00C04F79EFBC}") = "DevEnv", "DevEnv.csproj", "{35467DC4-F9DC-4177-9F95-39B5E427B50F}"
EndProject
Global
	GlobalSection(SolutionConfigurationPlatforms) = preSolution
		Debug|Any CPU = Debug|Any CPU
		Release|Any CPU = Release|Any CPU
	EndGlobalSection
	GlobalSection(ProjectConfigurationPlatforms) = postSolution
		{35467DC4-F9DC-4177-9F95-39B5E427B50F}.Debug|Any CPU.ActiveCfg = Debug|Any CPU
		{35467DC4-F9DC-4177-9F95-39B5E427B50F}.Debug|Any CPU.Build.0 = Debug|Any CPU
		{35467DC4-F9DC-4177-9F95-39B5E427B50F}.Release|Any CPU.ActiveCfg = Release|Any CPU
		{35467DC4-F9DC-4177-9F95-39B5E427B50F}.Release|Any CPU.Build.0 = Release|Any CPU
	EndGlobalSection
	GlobalSection(SolutionProperties) = preSolution
		HideSolutionNode = FALSE
	EndGlobalSection
	GlobalSection(ExtensibilityGlobals) = postSolution
		SolutionGuid = {4E0C0A51-A9B8-477D-A5D8-65BAE3689EF9}
	EndGlobalSection
EndGlobal
